
Microsoft Visual Studio Solution File, Format Version 12.00
# Visual Studio 14
VisualStudioVersion = 14.0.25420.1
MinimumVisualStudioVersion = 10.0.40219.1
Project("{FAE04EC0-301F-11D3-BF4B-00C04F79EFBC}") = "MvcWebApi", "Api\MvcWebApi.csproj", "{CE1A5C3A-4F60-4BF0-AD39-FA142816F5AE}"
EndProject
Project("{FAE04EC0-301F-11D3-BF4B-00C04F79EFBC}") = "ApiTestConsoleApp", "ApiTestConsoleApp\ApiTestConsoleApp.csproj", "{A08B80CE-9983-499C-8F87-86D018FB7DB7}"
EndProject
Project("{FAE04EC0-301F-11D3-BF4B-00C04F79EFBC}") = "ContosoBankApp", "ContosoBankApp\ContosoBankApp\ContosoBankApp.csproj", "{F4EA0890-9089-4D0D-ACB6-BF719CB327C1}"
EndProject
Project("{FAE04EC0-301F-11D3-BF4B-00C04F79EFBC}") = "ContosoBankApp.Droid", "ContosoBankApp\ContosoBankApp.Droid\ContosoBankApp.Droid.csproj", "{33BE1197-EC63-48AB-ACC0-FC184A9DD9DE}"
EndProject
Project("{FAE04EC0-301F-11D3-BF4B-00C04F79EFBC}") = "ContosoBankApp.iOS", "ContosoBankApp\ContosoBankApp.iOS\ContosoBankApp.iOS.csproj", "{EE9E03D0-56EB-4EBA-8C44-8859353B17BF}"
EndProject
Project("{FAE04EC0-301F-11D3-BF4B-00C04F79EFBC}") = "ContosoBankApp.UWP", "ContosoBankApp\ContosoBankApp.UWP\ContosoBankApp.UWP.csproj", "{630565A4-9622-4EFF-83B9-7C065588F1D0}"
EndProject
Global
	GlobalSection(SolutionConfigurationPlatforms) = preSolution
		Ad-Hoc|Any CPU = Ad-Hoc|Any CPU
		Ad-Hoc|ARM = Ad-Hoc|ARM
		Ad-Hoc|iPhone = Ad-Hoc|iPhone
		Ad-Hoc|iPhoneSimulator = Ad-Hoc|iPhoneSimulator
		Ad-Hoc|x64 = Ad-Hoc|x64
		Ad-Hoc|x86 = Ad-Hoc|x86
		AppStore|Any CPU = AppStore|Any CPU
		AppStore|ARM = AppStore|ARM
		AppStore|iPhone = AppStore|iPhone
		AppStore|iPhoneSimulator = AppStore|iPhoneSimulator
		AppStore|x64 = AppStore|x64
		AppStore|x86 = AppStore|x86
		Debug|Any CPU = Debug|Any CPU
		Debug|ARM = Debug|ARM
		Debug|iPhone = Debug|iPhone
		Debug|iPhoneSimulator = Debug|iPhoneSimulator
		Debug|x64 = Debug|x64
		Debug|x86 = Debug|x86
		Release|Any CPU = Release|Any CPU
		Release|ARM = Release|ARM
		Release|iPhone = Release|iPhone
		Release|iPhoneSimulator = Release|iPhoneSimulator
		Release|x64 = Release|x64
		Release|x86 = Release|x86
	EndGlobalSection
	GlobalSection(ProjectConfigurationPlatforms) = postSolution
		{CE1A5C3A-4F60-4BF0-AD39-FA142816F5AE}.Ad-Hoc|Any CPU.ActiveCfg = Release|Any CPU
		{CE1A5C3A-4F60-4BF0-AD39-FA142816F5AE}.Ad-Hoc|Any CPU.Build.0 = Release|Any CPU
		{CE1A5C3A-4F60-4BF0-AD39-FA142816F5AE}.Ad-Hoc|ARM.ActiveCfg = Release|Any CPU
		{CE1A5C3A-4F60-4BF0-AD39-FA142816F5AE}.Ad-Hoc|ARM.Build.0 = Release|Any CPU
		{CE1A5C3A-4F60-4BF0-AD39-FA142816F5AE}.Ad-Hoc|iPhone.ActiveCfg = Release|Any CPU
		{CE1A5C3A-4F60-4BF0-AD39-FA142816F5AE}.Ad-Hoc|iPhone.Build.0 = Release|Any CPU
		{CE1A5C3A-4F60-4BF0-AD39-FA142816F5AE}.Ad-Hoc|iPhoneSimulator.ActiveCfg = Release|Any CPU
		{CE1A5C3A-4F60-4BF0-AD39-FA142816F5AE}.Ad-Hoc|iPhoneSimulator.Build.0 = Release|Any CPU
		{CE1A5C3A-4F60-4BF0-AD39-FA142816F5AE}.Ad-Hoc|x64.ActiveCfg = Release|Any CPU
		{CE1A5C3A-4F60-4BF0-AD39-FA142816F5AE}.Ad-Hoc|x64.Build.0 = Release|Any CPU
		{CE1A5C3A-4F60-4BF0-AD39-FA142816F5AE}.Ad-Hoc|x86.ActiveCfg = Release|Any CPU
		{CE1A5C3A-4F60-4BF0-AD39-FA142816F5AE}.Ad-Hoc|x86.Build.0 = Release|Any CPU
		{CE1A5C3A-4F60-4BF0-AD39-FA142816F5AE}.AppStore|Any CPU.ActiveCfg = Release|Any CPU
		{CE1A5C3A-4F60-4BF0-AD39-FA142816F5AE}.AppStore|Any CPU.Build.0 = Release|Any CPU
		{CE1A5C3A-4F60-4BF0-AD39-FA142816F5AE}.AppStore|ARM.ActiveCfg = Release|Any CPU
		{CE1A5C3A-4F60-4BF0-AD39-FA142816F5AE}.AppStore|ARM.Build.0 = Release|Any CPU
		{CE1A5C3A-4F60-4BF0-AD39-FA142816F5AE}.AppStore|iPhone.ActiveCfg = Release|Any CPU
		{CE1A5C3A-4F60-4BF0-AD39-FA142816F5AE}.AppStore|iPhone.Build.0 = Release|Any CPU
		{CE1A5C3A-4F60-4BF0-AD39-FA142816F5AE}.AppStore|iPhoneSimulator.ActiveCfg = Release|Any CPU
		{CE1A5C3A-4F60-4BF0-AD39-FA142816F5AE}.AppStore|iPhoneSimulator.Build.0 = Release|Any CPU
		{CE1A5C3A-4F60-4BF0-AD39-FA142816F5AE}.AppStore|x64.ActiveCfg = Release|Any CPU
		{CE1A5C3A-4F60-4BF0-AD39-FA142816F5AE}.AppStore|x64.Build.0 = Release|Any CPU
		{CE1A5C3A-4F60-4BF0-AD39-FA142816F5AE}.AppStore|x86.ActiveCfg = Release|Any CPU
		{CE1A5C3A-4F60-4BF0-AD39-FA142816F5AE}.AppStore|x86.Build.0 = Release|Any CPU
		{CE1A5C3A-4F60-4BF0-AD39-FA142816F5AE}.Debug|Any CPU.ActiveCfg = Debug|Any CPU
		{CE1A5C3A-4F60-4BF0-AD39-FA142816F5AE}.Debug|Any CPU.Build.0 = Debug|Any CPU
		{CE1A5C3A-4F60-4BF0-AD39-FA142816F5AE}.Debug|ARM.ActiveCfg = Debug|Any CPU
		{CE1A5C3A-4F60-4BF0-AD39-FA142816F5AE}.Debug|ARM.Build.0 = Debug|Any CPU
		{CE1A5C3A-4F60-4BF0-AD39-FA142816F5AE}.Debug|iPhone.ActiveCfg = Debug|Any CPU
		{CE1A5C3A-4F60-4BF0-AD39-FA142816F5AE}.Debug|iPhone.Build.0 = Debug|Any CPU
		{CE1A5C3A-4F60-4BF0-AD39-FA142816F5AE}.Debug|iPhoneSimulator.ActiveCfg = Debug|Any CPU
		{CE1A5C3A-4F60-4BF0-AD39-FA142816F5AE}.Debug|iPhoneSimulator.Build.0 = Debug|Any CPU
		{CE1A5C3A-4F60-4BF0-AD39-FA142816F5AE}.Debug|x64.ActiveCfg = Debug|Any CPU
		{CE1A5C3A-4F60-4BF0-AD39-FA142816F5AE}.Debug|x64.Build.0 = Debug|Any CPU
		{CE1A5C3A-4F60-4BF0-AD39-FA142816F5AE}.Debug|x86.ActiveCfg = Debug|Any CPU
		{CE1A5C3A-4F60-4BF0-AD39-FA142816F5AE}.Debug|x86.Build.0 = Debug|Any CPU
		{CE1A5C3A-4F60-4BF0-AD39-FA142816F5AE}.Release|Any CPU.ActiveCfg = Release|Any CPU
		{CE1A5C3A-4F60-4BF0-AD39-FA142816F5AE}.Release|Any CPU.Build.0 = Release|Any CPU
		{CE1A5C3A-4F60-4BF0-AD39-FA142816F5AE}.Release|ARM.ActiveCfg = Release|Any CPU
		{CE1A5C3A-4F60-4BF0-AD39-FA142816F5AE}.Release|ARM.Build.0 = Release|Any CPU
		{CE1A5C3A-4F60-4BF0-AD39-FA142816F5AE}.Release|iPhone.ActiveCfg = Release|Any CPU
		{CE1A5C3A-4F60-4BF0-AD39-FA142816F5AE}.Release|iPhone.Build.0 = Release|Any CPU
		{CE1A5C3A-4F60-4BF0-AD39-FA142816F5AE}.Release|iPhoneSimulator.ActiveCfg = Release|Any CPU
		{CE1A5C3A-4F60-4BF0-AD39-FA142816F5AE}.Release|iPhoneSimulator.Build.0 = Release|Any CPU
		{CE1A5C3A-4F60-4BF0-AD39-FA142816F5AE}.Release|x64.ActiveCfg = Release|Any CPU
		{CE1A5C3A-4F60-4BF0-AD39-FA142816F5AE}.Release|x64.Build.0 = Release|Any CPU
		{CE1A5C3A-4F60-4BF0-AD39-FA142816F5AE}.Release|x86.ActiveCfg = Release|Any CPU
		{CE1A5C3A-4F60-4BF0-AD39-FA142816F5AE}.Release|x86.Build.0 = Release|Any CPU
		{A08B80CE-9983-499C-8F87-86D018FB7DB7}.Ad-Hoc|Any CPU.ActiveCfg = Release|Any CPU
		{A08B80CE-9983-499C-8F87-86D018FB7DB7}.Ad-Hoc|Any CPU.Build.0 = Release|Any CPU
		{A08B80CE-9983-499C-8F87-86D018FB7DB7}.Ad-Hoc|ARM.ActiveCfg = Release|Any CPU
		{A08B80CE-9983-499C-8F87-86D018FB7DB7}.Ad-Hoc|ARM.Build.0 = Release|Any CPU
		{A08B80CE-9983-499C-8F87-86D018FB7DB7}.Ad-Hoc|iPhone.ActiveCfg = Release|Any CPU
		{A08B80CE-9983-499C-8F87-86D018FB7DB7}.Ad-Hoc|iPhone.Build.0 = Release|Any CPU
		{A08B80CE-9983-499C-8F87-86D018FB7DB7}.Ad-Hoc|iPhoneSimulator.ActiveCfg = Release|Any CPU
		{A08B80CE-9983-499C-8F87-86D018FB7DB7}.Ad-Hoc|iPhoneSimulator.Build.0 = Release|Any CPU
		{A08B80CE-9983-499C-8F87-86D018FB7DB7}.Ad-Hoc|x64.ActiveCfg = Release|Any CPU
		{A08B80CE-9983-499C-8F87-86D018FB7DB7}.Ad-Hoc|x64.Build.0 = Release|Any CPU
		{A08B80CE-9983-499C-8F87-86D018FB7DB7}.Ad-Hoc|x86.ActiveCfg = Release|Any CPU
		{A08B80CE-9983-499C-8F87-86D018FB7DB7}.Ad-Hoc|x86.Build.0 = Release|Any CPU
		{A08B80CE-9983-499C-8F87-86D018FB7DB7}.AppStore|Any CPU.ActiveCfg = Release|Any CPU
		{A08B80CE-9983-499C-8F87-86D018FB7DB7}.AppStore|Any CPU.Build.0 = Release|Any CPU
		{A08B80CE-9983-499C-8F87-86D018FB7DB7}.AppStore|ARM.ActiveCfg = Release|Any CPU
		{A08B80CE-9983-499C-8F87-86D018FB7DB7}.AppStore|ARM.Build.0 = Release|Any CPU
		{A08B80CE-9983-499C-8F87-86D018FB7DB7}.AppStore|iPhone.ActiveCfg = Release|Any CPU
		{A08B80CE-9983-499C-8F87-86D018FB7DB7}.AppStore|iPhone.Build.0 = Release|Any CPU
		{A08B80CE-9983-499C-8F87-86D018FB7DB7}.AppStore|iPhoneSimulator.ActiveCfg = Release|Any CPU
		{A08B80CE-9983-499C-8F87-86D018FB7DB7}.AppStore|iPhoneSimulator.Build.0 = Release|Any CPU
		{A08B80CE-9983-499C-8F87-86D018FB7DB7}.AppStore|x64.ActiveCfg = Release|Any CPU
		{A08B80CE-9983-499C-8F87-86D018FB7DB7}.AppStore|x64.Build.0 = Release|Any CPU
		{A08B80CE-9983-499C-8F87-86D018FB7DB7}.AppStore|x86.ActiveCfg = Release|Any CPU
		{A08B80CE-9983-499C-8F87-86D018FB7DB7}.AppStore|x86.Build.0 = Release|Any CPU
		{A08B80CE-9983-499C-8F87-86D018FB7DB7}.Debug|Any CPU.ActiveCfg = Debug|Any CPU
		{A08B80CE-9983-499C-8F87-86D018FB7DB7}.Debug|Any CPU.Build.0 = Debug|Any CPU
		{A08B80CE-9983-499C-8F87-86D018FB7DB7}.Debug|ARM.ActiveCfg = Debug|Any CPU
		{A08B80CE-9983-499C-8F87-86D018FB7DB7}.Debug|ARM.Build.0 = Debug|Any CPU
		{A08B80CE-9983-499C-8F87-86D018FB7DB7}.Debug|iPhone.ActiveCfg = Debug|Any CPU
		{A08B80CE-9983-499C-8F87-86D018FB7DB7}.Debug|iPhone.Build.0 = Debug|Any CPU
		{A08B80CE-9983-499C-8F87-86D018FB7DB7}.Debug|iPhoneSimulator.ActiveCfg = Debug|Any CPU
		{A08B80CE-9983-499C-8F87-86D018FB7DB7}.Debug|iPhoneSimulator.Build.0 = Debug|Any CPU
		{A08B80CE-9983-499C-8F87-86D018FB7DB7}.Debug|x64.ActiveCfg = Debug|Any CPU
		{A08B80CE-9983-499C-8F87-86D018FB7DB7}.Debug|x64.Build.0 = Debug|Any CPU
		{A08B80CE-9983-499C-8F87-86D018FB7DB7}.Debug|x86.ActiveCfg = Debug|Any CPU
		{A08B80CE-9983-499C-8F87-86D018FB7DB7}.Debug|x86.Build.0 = Debug|Any CPU
		{A08B80CE-9983-499C-8F87-86D018FB7DB7}.Release|Any CPU.ActiveCfg = Release|Any CPU
		{A08B80CE-9983-499C-8F87-86D018FB7DB7}.Release|Any CPU.Build.0 = Release|Any CPU
		{A08B80CE-9983-499C-8F87-86D018FB7DB7}.Release|ARM.ActiveCfg = Release|Any CPU
		{A08B80CE-9983-499C-8F87-86D018FB7DB7}.Release|ARM.Build.0 = Release|Any CPU
		{A08B80CE-9983-499C-8F87-86D018FB7DB7}.Release|iPhone.ActiveCfg = Release|Any CPU
		{A08B80CE-9983-499C-8F87-86D018FB7DB7}.Release|iPhone.Build.0 = Release|Any CPU
		{A08B80CE-9983-499C-8F87-86D018FB7DB7}.Release|iPhoneSimulator.ActiveCfg = Release|Any CPU
		{A08B80CE-9983-499C-8F87-86D018FB7DB7}.Release|iPhoneSimulator.Build.0 = Release|Any CPU
		{A08B80CE-9983-499C-8F87-86D018FB7DB7}.Release|x64.ActiveCfg = Release|Any CPU
		{A08B80CE-9983-499C-8F87-86D018FB7DB7}.Release|x64.Build.0 = Release|Any CPU
		{A08B80CE-9983-499C-8F87-86D018FB7DB7}.Release|x86.ActiveCfg = Release|Any CPU
		{A08B80CE-9983-499C-8F87-86D018FB7DB7}.Release|x86.Build.0 = Release|Any CPU
		{F4EA0890-9089-4D0D-ACB6-BF719CB327C1}.Ad-Hoc|Any CPU.ActiveCfg = Release|Any CPU
		{F4EA0890-9089-4D0D-ACB6-BF719CB327C1}.Ad-Hoc|Any CPU.Build.0 = Release|Any CPU
		{F4EA0890-9089-4D0D-ACB6-BF719CB327C1}.Ad-Hoc|ARM.ActiveCfg = Release|Any CPU
		{F4EA0890-9089-4D0D-ACB6-BF719CB327C1}.Ad-Hoc|ARM.Build.0 = Release|Any CPU
		{F4EA0890-9089-4D0D-ACB6-BF719CB327C1}.Ad-Hoc|iPhone.ActiveCfg = Release|Any CPU
		{F4EA0890-9089-4D0D-ACB6-BF719CB327C1}.Ad-Hoc|iPhone.Build.0 = Release|Any CPU
		{F4EA0890-9089-4D0D-ACB6-BF719CB327C1}.Ad-Hoc|iPhoneSimulator.ActiveCfg = Release|Any CPU
		{F4EA0890-9089-4D0D-ACB6-BF719CB327C1}.Ad-Hoc|iPhoneSimulator.Build.0 = Release|Any CPU
		{F4EA0890-9089-4D0D-ACB6-BF719CB327C1}.Ad-Hoc|x64.ActiveCfg = Release|Any CPU
		{F4EA0890-9089-4D0D-ACB6-BF719CB327C1}.Ad-Hoc|x64.Build.0 = Release|Any CPU
		{F4EA0890-9089-4D0D-ACB6-BF719CB327C1}.Ad-Hoc|x86.ActiveCfg = Release|Any CPU
		{F4EA0890-9089-4D0D-ACB6-BF719CB327C1}.Ad-Hoc|x86.Build.0 = Release|Any CPU
		{F4EA0890-9089-4D0D-ACB6-BF719CB327C1}.AppStore|Any CPU.ActiveCfg = Release|Any CPU
		{F4EA0890-9089-4D0D-ACB6-BF719CB327C1}.AppStore|Any CPU.Build.0 = Release|Any CPU
		{F4EA0890-9089-4D0D-ACB6-BF719CB327C1}.AppStore|ARM.ActiveCfg = Release|Any CPU
		{F4EA0890-9089-4D0D-ACB6-BF719CB327C1}.AppStore|ARM.Build.0 = Release|Any CPU
		{F4EA0890-9089-4D0D-ACB6-BF719CB327C1}.AppStore|iPhone.ActiveCfg = Release|Any CPU
		{F4EA0890-9089-4D0D-ACB6-BF719CB327C1}.AppStore|iPhone.Build.0 = Release|Any CPU
		{F4EA0890-9089-4D0D-ACB6-BF719CB327C1}.AppStore|iPhoneSimulator.ActiveCfg = Release|Any CPU
		{F4EA0890-9089-4D0D-ACB6-BF719CB327C1}.AppStore|iPhoneSimulator.Build.0 = Release|Any CPU
		{F4EA0890-9089-4D0D-ACB6-BF719CB327C1}.AppStore|x64.ActiveCfg = Release|Any CPU
		{F4EA0890-9089-4D0D-ACB6-BF719CB327C1}.AppStore|x64.Build.0 = Release|Any CPU
		{F4EA0890-9089-4D0D-ACB6-BF719CB327C1}.AppStore|x86.ActiveCfg = Release|Any CPU
		{F4EA0890-9089-4D0D-ACB6-BF719CB327C1}.AppStore|x86.Build.0 = Release|Any CPU
		{F4EA0890-9089-4D0D-ACB6-BF719CB327C1}.Debug|Any CPU.ActiveCfg = Debug|Any CPU
		{F4EA0890-9089-4D0D-ACB6-BF719CB327C1}.Debug|Any CPU.Build.0 = Debug|Any CPU
		{F4EA0890-9089-4D0D-ACB6-BF719CB327C1}.Debug|ARM.ActiveCfg = Debug|Any CPU
		{F4EA0890-9089-4D0D-ACB6-BF719CB327C1}.Debug|ARM.Build.0 = Debug|Any CPU
		{F4EA0890-9089-4D0D-ACB6-BF719CB327C1}.Debug|iPhone.ActiveCfg = Debug|Any CPU
		{F4EA0890-9089-4D0D-ACB6-BF719CB327C1}.Debug|iPhone.Build.0 = Debug|Any CPU
		{F4EA0890-9089-4D0D-ACB6-BF719CB327C1}.Debug|iPhoneSimulator.ActiveCfg = Debug|Any CPU
		{F4EA0890-9089-4D0D-ACB6-BF719CB327C1}.Debug|iPhoneSimulator.Build.0 = Debug|Any CPU
		{F4EA0890-9089-4D0D-ACB6-BF719CB327C1}.Debug|x64.ActiveCfg = Debug|Any CPU
		{F4EA0890-9089-4D0D-ACB6-BF719CB327C1}.Debug|x64.Build.0 = Debug|Any CPU
		{F4EA0890-9089-4D0D-ACB6-BF719CB327C1}.Debug|x86.ActiveCfg = Debug|Any CPU
		{F4EA0890-9089-4D0D-ACB6-BF719CB327C1}.Debug|x86.Build.0 = Debug|Any CPU
		{F4EA0890-9089-4D0D-ACB6-BF719CB327C1}.Release|Any CPU.ActiveCfg = Release|Any CPU
		{F4EA0890-9089-4D0D-ACB6-BF719CB327C1}.Release|Any CPU.Build.0 = Release|Any CPU
		{F4EA0890-9089-4D0D-ACB6-BF719CB327C1}.Release|ARM.ActiveCfg = Release|Any CPU
		{F4EA0890-9089-4D0D-ACB6-BF719CB327C1}.Release|ARM.Build.0 = Release|Any CPU
		{F4EA0890-9089-4D0D-ACB6-BF719CB327C1}.Release|iPhone.ActiveCfg = Release|Any CPU
		{F4EA0890-9089-4D0D-ACB6-BF719CB327C1}.Release|iPhone.Build.0 = Release|Any CPU
		{F4EA0890-9089-4D0D-ACB6-BF719CB327C1}.Release|iPhoneSimulator.ActiveCfg = Release|Any CPU
		{F4EA0890-9089-4D0D-ACB6-BF719CB327C1}.Release|iPhoneSimulator.Build.0 = Release|Any CPU
		{F4EA0890-9089-4D0D-ACB6-BF719CB327C1}.Release|x64.ActiveCfg = Release|Any CPU
		{F4EA0890-9089-4D0D-ACB6-BF719CB327C1}.Release|x64.Build.0 = Release|Any CPU
		{F4EA0890-9089-4D0D-ACB6-BF719CB327C1}.Release|x86.ActiveCfg = Release|Any CPU
		{F4EA0890-9089-4D0D-ACB6-BF719CB327C1}.Release|x86.Build.0 = Release|Any CPU
		{33BE1197-EC63-48AB-ACC0-FC184A9DD9DE}.Ad-Hoc|Any CPU.ActiveCfg = Release|Any CPU
		{33BE1197-EC63-48AB-ACC0-FC184A9DD9DE}.Ad-Hoc|Any CPU.Build.0 = Release|Any CPU
		{33BE1197-EC63-48AB-ACC0-FC184A9DD9DE}.Ad-Hoc|Any CPU.Deploy.0 = Release|Any CPU
		{33BE1197-EC63-48AB-ACC0-FC184A9DD9DE}.Ad-Hoc|ARM.ActiveCfg = Release|Any CPU
		{33BE1197-EC63-48AB-ACC0-FC184A9DD9DE}.Ad-Hoc|ARM.Build.0 = Release|Any CPU
		{33BE1197-EC63-48AB-ACC0-FC184A9DD9DE}.Ad-Hoc|ARM.Deploy.0 = Release|Any CPU
		{33BE1197-EC63-48AB-ACC0-FC184A9DD9DE}.Ad-Hoc|iPhone.ActiveCfg = Release|Any CPU
		{33BE1197-EC63-48AB-ACC0-FC184A9DD9DE}.Ad-Hoc|iPhone.Build.0 = Release|Any CPU
		{33BE1197-EC63-48AB-ACC0-FC184A9DD9DE}.Ad-Hoc|iPhone.Deploy.0 = Release|Any CPU
		{33BE1197-EC63-48AB-ACC0-FC184A9DD9DE}.Ad-Hoc|iPhoneSimulator.ActiveCfg = Release|Any CPU
		{33BE1197-EC63-48AB-ACC0-FC184A9DD9DE}.Ad-Hoc|iPhoneSimulator.Build.0 = Release|Any CPU
		{33BE1197-EC63-48AB-ACC0-FC184A9DD9DE}.Ad-Hoc|iPhoneSimulator.Deploy.0 = Release|Any CPU
		{33BE1197-EC63-48AB-ACC0-FC184A9DD9DE}.Ad-Hoc|x64.ActiveCfg = Release|Any CPU
		{33BE1197-EC63-48AB-ACC0-FC184A9DD9DE}.Ad-Hoc|x64.Build.0 = Release|Any CPU
		{33BE1197-EC63-48AB-ACC0-FC184A9DD9DE}.Ad-Hoc|x64.Deploy.0 = Release|Any CPU
		{33BE1197-EC63-48AB-ACC0-FC184A9DD9DE}.Ad-Hoc|x86.ActiveCfg = Release|Any CPU
		{33BE1197-EC63-48AB-ACC0-FC184A9DD9DE}.Ad-Hoc|x86.Build.0 = Release|Any CPU
		{33BE1197-EC63-48AB-ACC0-FC184A9DD9DE}.Ad-Hoc|x86.Deploy.0 = Release|Any CPU
		{33BE1197-EC63-48AB-ACC0-FC184A9DD9DE}.AppStore|Any CPU.ActiveCfg = Release|Any CPU
		{33BE1197-EC63-48AB-ACC0-FC184A9DD9DE}.AppStore|Any CPU.Build.0 = Release|Any CPU
		{33BE1197-EC63-48AB-ACC0-FC184A9DD9DE}.AppStore|Any CPU.Deploy.0 = Release|Any CPU
		{33BE1197-EC63-48AB-ACC0-FC184A9DD9DE}.AppStore|ARM.ActiveCfg = Release|Any CPU
		{33BE1197-EC63-48AB-ACC0-FC184A9DD9DE}.AppStore|ARM.Build.0 = Release|Any CPU
		{33BE1197-EC63-48AB-ACC0-FC184A9DD9DE}.AppStore|ARM.Deploy.0 = Release|Any CPU
		{33BE1197-EC63-48AB-ACC0-FC184A9DD9DE}.AppStore|iPhone.ActiveCfg = Release|Any CPU
		{33BE1197-EC63-48AB-ACC0-FC184A9DD9DE}.AppStore|iPhone.Build.0 = Release|Any CPU
		{33BE1197-EC63-48AB-ACC0-FC184A9DD9DE}.AppStore|iPhone.Deploy.0 = Release|Any CPU
		{33BE1197-EC63-48AB-ACC0-FC184A9DD9DE}.AppStore|iPhoneSimulator.ActiveCfg = Release|Any CPU
		{33BE1197-EC63-48AB-ACC0-FC184A9DD9DE}.AppStore|iPhoneSimulator.Build.0 = Release|Any CPU
		{33BE1197-EC63-48AB-ACC0-FC184A9DD9DE}.AppStore|iPhoneSimulator.Deploy.0 = Release|Any CPU
		{33BE1197-EC63-48AB-ACC0-FC184A9DD9DE}.AppStore|x64.ActiveCfg = Release|Any CPU
		{33BE1197-EC63-48AB-ACC0-FC184A9DD9DE}.AppStore|x64.Build.0 = Release|Any CPU
		{33BE1197-EC63-48AB-ACC0-FC184A9DD9DE}.AppStore|x64.Deploy.0 = Release|Any CPU
		{33BE1197-EC63-48AB-ACC0-FC184A9DD9DE}.AppStore|x86.ActiveCfg = Release|Any CPU
		{33BE1197-EC63-48AB-ACC0-FC184A9DD9DE}.AppStore|x86.Build.0 = Release|Any CPU
		{33BE1197-EC63-48AB-ACC0-FC184A9DD9DE}.AppStore|x86.Deploy.0 = Release|Any CPU
		{33BE1197-EC63-48AB-ACC0-FC184A9DD9DE}.Debug|Any CPU.ActiveCfg = Debug|Any CPU
		{33BE1197-EC63-48AB-ACC0-FC184A9DD9DE}.Debug|Any CPU.Build.0 = Debug|Any CPU
		{33BE1197-EC63-48AB-ACC0-FC184A9DD9DE}.Debug|Any CPU.Deploy.0 = Debug|Any CPU
		{33BE1197-EC63-48AB-ACC0-FC184A9DD9DE}.Debug|ARM.ActiveCfg = Debug|Any CPU
		{33BE1197-EC63-48AB-ACC0-FC184A9DD9DE}.Debug|ARM.Build.0 = Debug|Any CPU
		{33BE1197-EC63-48AB-ACC0-FC184A9DD9DE}.Debug|ARM.Deploy.0 = Debug|Any CPU
		{33BE1197-EC63-48AB-ACC0-FC184A9DD9DE}.Debug|iPhone.ActiveCfg = Debug|Any CPU
		{33BE1197-EC63-48AB-ACC0-FC184A9DD9DE}.Debug|iPhone.Build.0 = Debug|Any CPU
		{33BE1197-EC63-48AB-ACC0-FC184A9DD9DE}.Debug|iPhone.Deploy.0 = Debug|Any CPU
		{33BE1197-EC63-48AB-ACC0-FC184A9DD9DE}.Debug|iPhoneSimulator.ActiveCfg = Debug|Any CPU
		{33BE1197-EC63-48AB-ACC0-FC184A9DD9DE}.Debug|iPhoneSimulator.Build.0 = Debug|Any CPU
		{33BE1197-EC63-48AB-ACC0-FC184A9DD9DE}.Debug|iPhoneSimulator.Deploy.0 = Debug|Any CPU
		{33BE1197-EC63-48AB-ACC0-FC184A9DD9DE}.Debug|x64.ActiveCfg = Debug|Any CPU
		{33BE1197-EC63-48AB-ACC0-FC184A9DD9DE}.Debug|x64.Build.0 = Debug|Any CPU
		{33BE1197-EC63-48AB-ACC0-FC184A9DD9DE}.Debug|x64.Deploy.0 = Debug|Any CPU
		{33BE1197-EC63-48AB-ACC0-FC184A9DD9DE}.Debug|x86.ActiveCfg = Debug|Any CPU
		{33BE1197-EC63-48AB-ACC0-FC184A9DD9DE}.Debug|x86.Build.0 = Debug|Any CPU
		{33BE1197-EC63-48AB-ACC0-FC184A9DD9DE}.Debug|x86.Deploy.0 = Debug|Any CPU
		{33BE1197-EC63-48AB-ACC0-FC184A9DD9DE}.Release|Any CPU.ActiveCfg = Release|Any CPU
		{33BE1197-EC63-48AB-ACC0-FC184A9DD9DE}.Release|Any CPU.Build.0 = Release|Any CPU
		{33BE1197-EC63-48AB-ACC0-FC184A9DD9DE}.Release|Any CPU.Deploy.0 = Release|Any CPU
		{33BE1197-EC63-48AB-ACC0-FC184A9DD9DE}.Release|ARM.ActiveCfg = Release|Any CPU
		{33BE1197-EC63-48AB-ACC0-FC184A9DD9DE}.Release|ARM.Build.0 = Release|Any CPU
		{33BE1197-EC63-48AB-ACC0-FC184A9DD9DE}.Release|ARM.Deploy.0 = Release|Any CPU
		{33BE1197-EC63-48AB-ACC0-FC184A9DD9DE}.Release|iPhone.ActiveCfg = Release|Any CPU
		{33BE1197-EC63-48AB-ACC0-FC184A9DD9DE}.Release|iPhone.Build.0 = Release|Any CPU
		{33BE1197-EC63-48AB-ACC0-FC184A9DD9DE}.Release|iPhone.Deploy.0 = Release|Any CPU
		{33BE1197-EC63-48AB-ACC0-FC184A9DD9DE}.Release|iPhoneSimulator.ActiveCfg = Release|Any CPU
		{33BE1197-EC63-48AB-ACC0-FC184A9DD9DE}.Release|iPhoneSimulator.Build.0 = Release|Any CPU
		{33BE1197-EC63-48AB-ACC0-FC184A9DD9DE}.Release|iPhoneSimulator.Deploy.0 = Release|Any CPU
		{33BE1197-EC63-48AB-ACC0-FC184A9DD9DE}.Release|x64.ActiveCfg = Release|Any CPU
		{33BE1197-EC63-48AB-ACC0-FC184A9DD9DE}.Release|x64.Build.0 = Release|Any CPU
		{33BE1197-EC63-48AB-ACC0-FC184A9DD9DE}.Release|x64.Deploy.0 = Release|Any CPU
		{33BE1197-EC63-48AB-ACC0-FC184A9DD9DE}.Release|x86.ActiveCfg = Release|Any CPU
		{33BE1197-EC63-48AB-ACC0-FC184A9DD9DE}.Release|x86.Build.0 = Release|Any CPU
		{33BE1197-EC63-48AB-ACC0-FC184A9DD9DE}.Release|x86.Deploy.0 = Release|Any CPU
		{EE9E03D0-56EB-4EBA-8C44-8859353B17BF}.Ad-Hoc|Any CPU.ActiveCfg = Ad-Hoc|iPhone
		{EE9E03D0-56EB-4EBA-8C44-8859353B17BF}.Ad-Hoc|ARM.ActiveCfg = Ad-Hoc|iPhone
		{EE9E03D0-56EB-4EBA-8C44-8859353B17BF}.Ad-Hoc|iPhone.ActiveCfg = Ad-Hoc|iPhone
		{EE9E03D0-56EB-4EBA-8C44-8859353B17BF}.Ad-Hoc|iPhone.Build.0 = Ad-Hoc|iPhone
		{EE9E03D0-56EB-4EBA-8C44-8859353B17BF}.Ad-Hoc|iPhoneSimulator.ActiveCfg = Ad-Hoc|iPhoneSimulator
		{EE9E03D0-56EB-4EBA-8C44-8859353B17BF}.Ad-Hoc|iPhoneSimulator.Build.0 = Ad-Hoc|iPhoneSimulator
		{EE9E03D0-56EB-4EBA-8C44-8859353B17BF}.Ad-Hoc|x64.ActiveCfg = Ad-Hoc|iPhone
		{EE9E03D0-56EB-4EBA-8C44-8859353B17BF}.Ad-Hoc|x86.ActiveCfg = Ad-Hoc|iPhone
		{EE9E03D0-56EB-4EBA-8C44-8859353B17BF}.AppStore|Any CPU.ActiveCfg = AppStore|iPhone
		{EE9E03D0-56EB-4EBA-8C44-8859353B17BF}.AppStore|ARM.ActiveCfg = AppStore|iPhone
		{EE9E03D0-56EB-4EBA-8C44-8859353B17BF}.AppStore|iPhone.ActiveCfg = AppStore|iPhone
		{EE9E03D0-56EB-4EBA-8C44-8859353B17BF}.AppStore|iPhone.Build.0 = AppStore|iPhone
		{EE9E03D0-56EB-4EBA-8C44-8859353B17BF}.AppStore|iPhoneSimulator.ActiveCfg = AppStore|iPhoneSimulator
		{EE9E03D0-56EB-4EBA-8C44-8859353B17BF}.AppStore|iPhoneSimulator.Build.0 = AppStore|iPhoneSimulator
		{EE9E03D0-56EB-4EBA-8C44-8859353B17BF}.AppStore|x64.ActiveCfg = AppStore|iPhone
		{EE9E03D0-56EB-4EBA-8C44-8859353B17BF}.AppStore|x86.ActiveCfg = AppStore|iPhone
		{EE9E03D0-56EB-4EBA-8C44-8859353B17BF}.Debug|Any CPU.ActiveCfg = Debug|iPhone
		{EE9E03D0-56EB-4EBA-8C44-8859353B17BF}.Debug|ARM.ActiveCfg = Debug|iPhone
		{EE9E03D0-56EB-4EBA-8C44-8859353B17BF}.Debug|iPhone.ActiveCfg = Debug|iPhone
		{EE9E03D0-56EB-4EBA-8C44-8859353B17BF}.Debug|iPhone.Build.0 = Debug|iPhone
		{EE9E03D0-56EB-4EBA-8C44-8859353B17BF}.Debug|iPhoneSimulator.ActiveCfg = Debug|iPhoneSimulator
		{EE9E03D0-56EB-4EBA-8C44-8859353B17BF}.Debug|iPhoneSimulator.Build.0 = Debug|iPhoneSimulator
		{EE9E03D0-56EB-4EBA-8C44-8859353B17BF}.Debug|x64.ActiveCfg = Debug|iPhone
		{EE9E03D0-56EB-4EBA-8C44-8859353B17BF}.Debug|x86.ActiveCfg = Debug|iPhone
		{EE9E03D0-56EB-4EBA-8C44-8859353B17BF}.Release|Any CPU.ActiveCfg = Release|iPhone
		{EE9E03D0-56EB-4EBA-8C44-8859353B17BF}.Release|ARM.ActiveCfg = Release|iPhone
		{EE9E03D0-56EB-4EBA-8C44-8859353B17BF}.Release|iPhone.ActiveCfg = Release|iPhone
		{EE9E03D0-56EB-4EBA-8C44-8859353B17BF}.Release|iPhone.Build.0 = Release|iPhone
		{EE9E03D0-56EB-4EBA-8C44-8859353B17BF}.Release|iPhoneSimulator.ActiveCfg = Release|iPhoneSimulator
		{EE9E03D0-56EB-4EBA-8C44-8859353B17BF}.Release|iPhoneSimulator.Build.0 = Release|iPhoneSimulator
		{EE9E03D0-56EB-4EBA-8C44-8859353B17BF}.Release|x64.ActiveCfg = Release|iPhone
		{EE9E03D0-56EB-4EBA-8C44-8859353B17BF}.Release|x86.ActiveCfg = Release|iPhone
		{630565A4-9622-4EFF-83B9-7C065588F1D0}.Ad-Hoc|Any CPU.ActiveCfg = Release|x86
		{630565A4-9622-4EFF-83B9-7C065588F1D0}.Ad-Hoc|Any CPU.Build.0 = Release|x86
		{630565A4-9622-4EFF-83B9-7C065588F1D0}.Ad-Hoc|Any CPU.Deploy.0 = Release|x86
		{630565A4-9622-4EFF-83B9-7C065588F1D0}.Ad-Hoc|ARM.ActiveCfg = Release|ARM
		{630565A4-9622-4EFF-83B9-7C065588F1D0}.Ad-Hoc|ARM.Build.0 = Release|ARM
		{630565A4-9622-4EFF-83B9-7C065588F1D0}.Ad-Hoc|ARM.Deploy.0 = Release|ARM
		{630565A4-9622-4EFF-83B9-7C065588F1D0}.Ad-Hoc|iPhone.ActiveCfg = Release|x86
		{630565A4-9622-4EFF-83B9-7C065588F1D0}.Ad-Hoc|iPhone.Build.0 = Release|x86
		{630565A4-9622-4EFF-83B9-7C065588F1D0}.Ad-Hoc|iPhone.Deploy.0 = Release|x86
		{630565A4-9622-4EFF-83B9-7C065588F1D0}.Ad-Hoc|iPhoneSimulator.ActiveCfg = Release|x86
		{630565A4-9622-4EFF-83B9-7C065588F1D0}.Ad-Hoc|iPhoneSimulator.Build.0 = Release|x86
		{630565A4-9622-4EFF-83B9-7C065588F1D0}.Ad-Hoc|iPhoneSimulator.Deploy.0 = Release|x86
		{630565A4-9622-4EFF-83B9-7C065588F1D0}.Ad-Hoc|x64.ActiveCfg = Release|x64
		{630565A4-9622-4EFF-83B9-7C065588F1D0}.Ad-Hoc|x64.Build.0 = Release|x64
		{630565A4-9622-4EFF-83B9-7C065588F1D0}.Ad-Hoc|x64.Deploy.0 = Release|x64
		{630565A4-9622-4EFF-83B9-7C065588F1D0}.Ad-Hoc|x86.ActiveCfg = Release|x86
		{630565A4-9622-4EFF-83B9-7C065588F1D0}.Ad-Hoc|x86.Build.0 = Release|x86
		{630565A4-9622-4EFF-83B9-7C065588F1D0}.Ad-Hoc|x86.Deploy.0 = Release|x86
		{630565A4-9622-4EFF-83B9-7C065588F1D0}.AppStore|Any CPU.ActiveCfg = Release|x86
		{630565A4-9622-4EFF-83B9-7C065588F1D0}.AppStore|Any CPU.Build.0 = Release|x86
		{630565A4-9622-4EFF-83B9-7C065588F1D0}.AppStore|Any CPU.Deploy.0 = Release|x86
		{630565A4-9622-4EFF-83B9-7C065588F1D0}.AppStore|ARM.ActiveCfg = Release|ARM
		{630565A4-9622-4EFF-83B9-7C065588F1D0}.AppStore|ARM.Build.0 = Release|ARM
		{630565A4-9622-4EFF-83B9-7C065588F1D0}.AppStore|ARM.Deploy.0 = Release|ARM
		{630565A4-9622-4EFF-83B9-7C065588F1D0}.AppStore|iPhone.ActiveCfg = Release|x86
		{630565A4-9622-4EFF-83B9-7C065588F1D0}.AppStore|iPhone.Build.0 = Release|x86
		{630565A4-9622-4EFF-83B9-7C065588F1D0}.AppStore|iPhone.Deploy.0 = Release|x86
		{630565A4-9622-4EFF-83B9-7C065588F1D0}.AppStore|iPhoneSimulator.ActiveCfg = Release|x86
		{630565A4-9622-4EFF-83B9-7C065588F1D0}.AppStore|iPhoneSimulator.Build.0 = Release|x86
		{630565A4-9622-4EFF-83B9-7C065588F1D0}.AppStore|iPhoneSimulator.Deploy.0 = Release|x86
		{630565A4-9622-4EFF-83B9-7C065588F1D0}.AppStore|x64.ActiveCfg = Release|x64
		{630565A4-9622-4EFF-83B9-7C065588F1D0}.AppStore|x64.Build.0 = Release|x64
		{630565A4-9622-4EFF-83B9-7C065588F1D0}.AppStore|x64.Deploy.0 = Release|x64
		{630565A4-9622-4EFF-83B9-7C065588F1D0}.AppStore|x86.ActiveCfg = Release|x86
		{630565A4-9622-4EFF-83B9-7C065588F1D0}.AppStore|x86.Build.0 = Release|x86
		{630565A4-9622-4EFF-83B9-7C065588F1D0}.AppStore|x86.Deploy.0 = Release|x86
		{630565A4-9622-4EFF-83B9-7C065588F1D0}.Debug|Any CPU.ActiveCfg = Debug|x86
		{630565A4-9622-4EFF-83B9-7C065588F1D0}.Debug|ARM.ActiveCfg = Debug|ARM
		{630565A4-9622-4EFF-83B9-7C065588F1D0}.Debug|ARM.Build.0 = Debug|ARM
		{630565A4-9622-4EFF-83B9-7C065588F1D0}.Debug|ARM.Deploy.0 = Debug|ARM
		{630565A4-9622-4EFF-83B9-7C065588F1D0}.Debug|iPhone.ActiveCfg = Debug|x86
		{630565A4-9622-4EFF-83B9-7C065588F1D0}.Debug|iPhoneSimulator.ActiveCfg = Debug|x86
		{630565A4-9622-4EFF-83B9-7C065588F1D0}.Debug|x64.ActiveCfg = Debug|x64
		{630565A4-9622-4EFF-83B9-7C065588F1D0}.Debug|x64.Build.0 = Debug|x64
		{630565A4-9622-4EFF-83B9-7C065588F1D0}.Debug|x64.Deploy.0 = Debug|x64
		{630565A4-9622-4EFF-83B9-7C065588F1D0}.Debug|x86.ActiveCfg = Debug|x86
		{630565A4-9622-4EFF-83B9-7C065588F1D0}.Debug|x86.Build.0 = Debug|x86
		{630565A4-9622-4EFF-83B9-7C065588F1D0}.Debug|x86.Deploy.0 = Debug|x86
		{630565A4-9622-4EFF-83B9-7C065588F1D0}.Release|Any CPU.ActiveCfg = Release|x86
		{630565A4-9622-4EFF-83B9-7C065588F1D0}.Release|ARM.ActiveCfg = Release|ARM
		{630565A4-9622-4EFF-83B9-7C065588F1D0}.Release|ARM.Build.0 = Release|ARM
		{630565A4-9622-4EFF-83B9-7C065588F1D0}.Release|ARM.Deploy.0 = Release|ARM
		{630565A4-9622-4EFF-83B9-7C065588F1D0}.Release|iPhone.ActiveCfg = Release|x86
		{630565A4-9622-4EFF-83B9-7C065588F1D0}.Release|iPhoneSimulator.ActiveCfg = Release|x86
		{630565A4-9622-4EFF-83B9-7C065588F1D0}.Release|x64.ActiveCfg = Release|x64
		{630565A4-9622-4EFF-83B9-7C065588F1D0}.Release|x64.Build.0 = Release|x64
		{630565A4-9622-4EFF-83B9-7C065588F1D0}.Release|x64.Deploy.0 = Release|x64
		{630565A4-9622-4EFF-83B9-7C065588F1D0}.Release|x86.ActiveCfg = Release|x86
		{630565A4-9622-4EFF-83B9-7C065588F1D0}.Release|x86.Build.0 = Release|x86
		{630565A4-9622-4EFF-83B9-7C065588F1D0}.Release|x86.Deploy.0 = Release|x86
	EndGlobalSection
	GlobalSection(SolutionProperties) = preSolution
		HideSolutionNode = FALSE
	EndGlobalSection
EndGlobal
