
Microsoft Visual Studio Solution File, Format Version 12.00
# Visual Studio 14
VisualStudioVersion = 14.0.25420.1
MinimumVisualStudioVersion = 10.0.40219.1
Project("{FAE04EC0-301F-11D3-BF4B-00C04F79EFBC}") = "ContosoBankApp", "ContosoBankApp\ContosoBankApp\ContosoBankApp.csproj", "{69D7D9FB-DAD4-4DC5-8BE8-134EDBBF3931}"
EndProject
Project("{FAE04EC0-301F-11D3-BF4B-00C04F79EFBC}") = "ContosoBankApp.Droid", "ContosoBankApp\ContosoBankApp.Droid\ContosoBankApp.Droid.csproj", "{A47800C6-1A55-4FDF-90F6-C68F6A447CF1}"
EndProject
Project("{FAE04EC0-301F-11D3-BF4B-00C04F79EFBC}") = "ContosoBankApp.iOS", "ContosoBankApp\ContosoBankApp.iOS\ContosoBankApp.iOS.csproj", "{241FBDE4-8F79-4848-AD1B-770D5612AAD1}"
EndProject
Project("{FAE04EC0-301F-11D3-BF4B-00C04F79EFBC}") = "ContosoBankApp.UWP", "ContosoBankApp\ContosoBankApp.UWP\ContosoBankApp.UWP.csproj", "{37C1D266-CFAF-4471-89DE-E79857278600}"
EndProject
Project("{FAE04EC0-301F-11D3-BF4B-00C04F79EFBC}") = "ContosoBankApp.Windows", "ContosoBankApp\ContosoBankApp.Windows\ContosoBankApp.Windows.csproj", "{361E068F-F065-4EB2-A38C-5082C9D3F864}"
EndProject
Global
	GlobalSection(SolutionConfigurationPlatforms) = preSolution
		Ad-Hoc|Any CPU = Ad-Hoc|Any CPU
		Ad-Hoc|ARM = Ad-Hoc|ARM
		Ad-Hoc|iPhone = Ad-Hoc|iPhone
		Ad-Hoc|iPhoneSimulator = Ad-Hoc|iPhoneSimulator
		Ad-Hoc|x64 = Ad-Hoc|x64
		Ad-Hoc|x86 = Ad-Hoc|x86
		AppStore|Any CPU = AppStore|Any CPU
		AppStore|ARM = AppStore|ARM
		AppStore|iPhone = AppStore|iPhone
		AppStore|iPhoneSimulator = AppStore|iPhoneSimulator
		AppStore|x64 = AppStore|x64
		AppStore|x86 = AppStore|x86
		Debug|Any CPU = Debug|Any CPU
		Debug|ARM = Debug|ARM
		Debug|iPhone = Debug|iPhone
		Debug|iPhoneSimulator = Debug|iPhoneSimulator
		Debug|x64 = Debug|x64
		Debug|x86 = Debug|x86
		Release|Any CPU = Release|Any CPU
		Release|ARM = Release|ARM
		Release|iPhone = Release|iPhone
		Release|iPhoneSimulator = Release|iPhoneSimulator
		Release|x64 = Release|x64
		Release|x86 = Release|x86
	EndGlobalSection
	GlobalSection(ProjectConfigurationPlatforms) = postSolution
		{69D7D9FB-DAD4-4DC5-8BE8-134EDBBF3931}.Ad-Hoc|Any CPU.ActiveCfg = Release|Any CPU
		{69D7D9FB-DAD4-4DC5-8BE8-134EDBBF3931}.Ad-Hoc|Any CPU.Build.0 = Release|Any CPU
		{69D7D9FB-DAD4-4DC5-8BE8-134EDBBF3931}.Ad-Hoc|ARM.ActiveCfg = Release|Any CPU
		{69D7D9FB-DAD4-4DC5-8BE8-134EDBBF3931}.Ad-Hoc|ARM.Build.0 = Release|Any CPU
		{69D7D9FB-DAD4-4DC5-8BE8-134EDBBF3931}.Ad-Hoc|iPhone.ActiveCfg = Release|Any CPU
		{69D7D9FB-DAD4-4DC5-8BE8-134EDBBF3931}.Ad-Hoc|iPhone.Build.0 = Release|Any CPU
		{69D7D9FB-DAD4-4DC5-8BE8-134EDBBF3931}.Ad-Hoc|iPhoneSimulator.ActiveCfg = Release|Any CPU
		{69D7D9FB-DAD4-4DC5-8BE8-134EDBBF3931}.Ad-Hoc|iPhoneSimulator.Build.0 = Release|Any CPU
		{69D7D9FB-DAD4-4DC5-8BE8-134EDBBF3931}.Ad-Hoc|x64.ActiveCfg = Release|Any CPU
		{69D7D9FB-DAD4-4DC5-8BE8-134EDBBF3931}.Ad-Hoc|x64.Build.0 = Release|Any CPU
		{69D7D9FB-DAD4-4DC5-8BE8-134EDBBF3931}.Ad-Hoc|x86.ActiveCfg = Release|Any CPU
		{69D7D9FB-DAD4-4DC5-8BE8-134EDBBF3931}.Ad-Hoc|x86.Build.0 = Release|Any CPU
		{69D7D9FB-DAD4-4DC5-8BE8-134EDBBF3931}.AppStore|Any CPU.ActiveCfg = Release|Any CPU
		{69D7D9FB-DAD4-4DC5-8BE8-134EDBBF3931}.AppStore|Any CPU.Build.0 = Release|Any CPU
		{69D7D9FB-DAD4-4DC5-8BE8-134EDBBF3931}.AppStore|ARM.ActiveCfg = Release|Any CPU
		{69D7D9FB-DAD4-4DC5-8BE8-134EDBBF3931}.AppStore|ARM.Build.0 = Release|Any CPU
		{69D7D9FB-DAD4-4DC5-8BE8-134EDBBF3931}.AppStore|iPhone.ActiveCfg = Release|Any CPU
		{69D7D9FB-DAD4-4DC5-8BE8-134EDBBF3931}.AppStore|iPhone.Build.0 = Release|Any CPU
		{69D7D9FB-DAD4-4DC5-8BE8-134EDBBF3931}.AppStore|iPhoneSimulator.ActiveCfg = Release|Any CPU
		{69D7D9FB-DAD4-4DC5-8BE8-134EDBBF3931}.AppStore|iPhoneSimulator.Build.0 = Release|Any CPU
		{69D7D9FB-DAD4-4DC5-8BE8-134EDBBF3931}.AppStore|x64.ActiveCfg = Release|Any CPU
		{69D7D9FB-DAD4-4DC5-8BE8-134EDBBF3931}.AppStore|x64.Build.0 = Release|Any CPU
		{69D7D9FB-DAD4-4DC5-8BE8-134EDBBF3931}.AppStore|x86.ActiveCfg = Release|Any CPU
		{69D7D9FB-DAD4-4DC5-8BE8-134EDBBF3931}.AppStore|x86.Build.0 = Release|Any CPU
		{69D7D9FB-DAD4-4DC5-8BE8-134EDBBF3931}.Debug|Any CPU.ActiveCfg = Debug|Any CPU
		{69D7D9FB-DAD4-4DC5-8BE8-134EDBBF3931}.Debug|Any CPU.Build.0 = Debug|Any CPU
		{69D7D9FB-DAD4-4DC5-8BE8-134EDBBF3931}.Debug|ARM.ActiveCfg = Debug|Any CPU
		{69D7D9FB-DAD4-4DC5-8BE8-134EDBBF3931}.Debug|ARM.Build.0 = Debug|Any CPU
		{69D7D9FB-DAD4-4DC5-8BE8-134EDBBF3931}.Debug|iPhone.ActiveCfg = Debug|Any CPU
		{69D7D9FB-DAD4-4DC5-8BE8-134EDBBF3931}.Debug|iPhone.Build.0 = Debug|Any CPU
		{69D7D9FB-DAD4-4DC5-8BE8-134EDBBF3931}.Debug|iPhoneSimulator.ActiveCfg = Debug|Any CPU
		{69D7D9FB-DAD4-4DC5-8BE8-134EDBBF3931}.Debug|iPhoneSimulator.Build.0 = Debug|Any CPU
		{69D7D9FB-DAD4-4DC5-8BE8-134EDBBF3931}.Debug|x64.ActiveCfg = Debug|Any CPU
		{69D7D9FB-DAD4-4DC5-8BE8-134EDBBF3931}.Debug|x64.Build.0 = Debug|Any CPU
		{69D7D9FB-DAD4-4DC5-8BE8-134EDBBF3931}.Debug|x86.ActiveCfg = Debug|Any CPU
		{69D7D9FB-DAD4-4DC5-8BE8-134EDBBF3931}.Debug|x86.Build.0 = Debug|Any CPU
		{69D7D9FB-DAD4-4DC5-8BE8-134EDBBF3931}.Release|Any CPU.ActiveCfg = Release|Any CPU
		{69D7D9FB-DAD4-4DC5-8BE8-134EDBBF3931}.Release|Any CPU.Build.0 = Release|Any CPU
		{69D7D9FB-DAD4-4DC5-8BE8-134EDBBF3931}.Release|ARM.ActiveCfg = Release|Any CPU
		{69D7D9FB-DAD4-4DC5-8BE8-134EDBBF3931}.Release|ARM.Build.0 = Release|Any CPU
		{69D7D9FB-DAD4-4DC5-8BE8-134EDBBF3931}.Release|iPhone.ActiveCfg = Release|Any CPU
		{69D7D9FB-DAD4-4DC5-8BE8-134EDBBF3931}.Release|iPhone.Build.0 = Release|Any CPU
		{69D7D9FB-DAD4-4DC5-8BE8-134EDBBF3931}.Release|iPhoneSimulator.ActiveCfg = Release|Any CPU
		{69D7D9FB-DAD4-4DC5-8BE8-134EDBBF3931}.Release|iPhoneSimulator.Build.0 = Release|Any CPU
		{69D7D9FB-DAD4-4DC5-8BE8-134EDBBF3931}.Release|x64.ActiveCfg = Release|Any CPU
		{69D7D9FB-DAD4-4DC5-8BE8-134EDBBF3931}.Release|x64.Build.0 = Release|Any CPU
		{69D7D9FB-DAD4-4DC5-8BE8-134EDBBF3931}.Release|x86.ActiveCfg = Release|Any CPU
		{69D7D9FB-DAD4-4DC5-8BE8-134EDBBF3931}.Release|x86.Build.0 = Release|Any CPU
		{A47800C6-1A55-4FDF-90F6-C68F6A447CF1}.Ad-Hoc|Any CPU.ActiveCfg = Release|Any CPU
		{A47800C6-1A55-4FDF-90F6-C68F6A447CF1}.Ad-Hoc|Any CPU.Build.0 = Release|Any CPU
		{A47800C6-1A55-4FDF-90F6-C68F6A447CF1}.Ad-Hoc|Any CPU.Deploy.0 = Release|Any CPU
		{A47800C6-1A55-4FDF-90F6-C68F6A447CF1}.Ad-Hoc|ARM.ActiveCfg = Release|Any CPU
		{A47800C6-1A55-4FDF-90F6-C68F6A447CF1}.Ad-Hoc|ARM.Build.0 = Release|Any CPU
		{A47800C6-1A55-4FDF-90F6-C68F6A447CF1}.Ad-Hoc|ARM.Deploy.0 = Release|Any CPU
		{A47800C6-1A55-4FDF-90F6-C68F6A447CF1}.Ad-Hoc|iPhone.ActiveCfg = Release|Any CPU
		{A47800C6-1A55-4FDF-90F6-C68F6A447CF1}.Ad-Hoc|iPhone.Build.0 = Release|Any CPU
		{A47800C6-1A55-4FDF-90F6-C68F6A447CF1}.Ad-Hoc|iPhone.Deploy.0 = Release|Any CPU
		{A47800C6-1A55-4FDF-90F6-C68F6A447CF1}.Ad-Hoc|iPhoneSimulator.ActiveCfg = Release|Any CPU
		{A47800C6-1A55-4FDF-90F6-C68F6A447CF1}.Ad-Hoc|iPhoneSimulator.Build.0 = Release|Any CPU
		{A47800C6-1A55-4FDF-90F6-C68F6A447CF1}.Ad-Hoc|iPhoneSimulator.Deploy.0 = Release|Any CPU
		{A47800C6-1A55-4FDF-90F6-C68F6A447CF1}.Ad-Hoc|x64.ActiveCfg = Release|Any CPU
		{A47800C6-1A55-4FDF-90F6-C68F6A447CF1}.Ad-Hoc|x64.Build.0 = Release|Any CPU
		{A47800C6-1A55-4FDF-90F6-C68F6A447CF1}.Ad-Hoc|x64.Deploy.0 = Release|Any CPU
		{A47800C6-1A55-4FDF-90F6-C68F6A447CF1}.Ad-Hoc|x86.ActiveCfg = Release|Any CPU
		{A47800C6-1A55-4FDF-90F6-C68F6A447CF1}.Ad-Hoc|x86.Build.0 = Release|Any CPU
		{A47800C6-1A55-4FDF-90F6-C68F6A447CF1}.Ad-Hoc|x86.Deploy.0 = Release|Any CPU
		{A47800C6-1A55-4FDF-90F6-C68F6A447CF1}.AppStore|Any CPU.ActiveCfg = Release|Any CPU
		{A47800C6-1A55-4FDF-90F6-C68F6A447CF1}.AppStore|Any CPU.Build.0 = Release|Any CPU
		{A47800C6-1A55-4FDF-90F6-C68F6A447CF1}.AppStore|Any CPU.Deploy.0 = Release|Any CPU
		{A47800C6-1A55-4FDF-90F6-C68F6A447CF1}.AppStore|ARM.ActiveCfg = Release|Any CPU
		{A47800C6-1A55-4FDF-90F6-C68F6A447CF1}.AppStore|ARM.Build.0 = Release|Any CPU
		{A47800C6-1A55-4FDF-90F6-C68F6A447CF1}.AppStore|ARM.Deploy.0 = Release|Any CPU
		{A47800C6-1A55-4FDF-90F6-C68F6A447CF1}.AppStore|iPhone.ActiveCfg = Release|Any CPU
		{A47800C6-1A55-4FDF-90F6-C68F6A447CF1}.AppStore|iPhone.Build.0 = Release|Any CPU
		{A47800C6-1A55-4FDF-90F6-C68F6A447CF1}.AppStore|iPhone.Deploy.0 = Release|Any CPU
		{A47800C6-1A55-4FDF-90F6-C68F6A447CF1}.AppStore|iPhoneSimulator.ActiveCfg = Release|Any CPU
		{A47800C6-1A55-4FDF-90F6-C68F6A447CF1}.AppStore|iPhoneSimulator.Build.0 = Release|Any CPU
		{A47800C6-1A55-4FDF-90F6-C68F6A447CF1}.AppStore|iPhoneSimulator.Deploy.0 = Release|Any CPU
		{A47800C6-1A55-4FDF-90F6-C68F6A447CF1}.AppStore|x64.ActiveCfg = Release|Any CPU
		{A47800C6-1A55-4FDF-90F6-C68F6A447CF1}.AppStore|x64.Build.0 = Release|Any CPU
		{A47800C6-1A55-4FDF-90F6-C68F6A447CF1}.AppStore|x64.Deploy.0 = Release|Any CPU
		{A47800C6-1A55-4FDF-90F6-C68F6A447CF1}.AppStore|x86.ActiveCfg = Release|Any CPU
		{A47800C6-1A55-4FDF-90F6-C68F6A447CF1}.AppStore|x86.Build.0 = Release|Any CPU
		{A47800C6-1A55-4FDF-90F6-C68F6A447CF1}.AppStore|x86.Deploy.0 = Release|Any CPU
		{A47800C6-1A55-4FDF-90F6-C68F6A447CF1}.Debug|Any CPU.ActiveCfg = Debug|Any CPU
		{A47800C6-1A55-4FDF-90F6-C68F6A447CF1}.Debug|Any CPU.Build.0 = Debug|Any CPU
		{A47800C6-1A55-4FDF-90F6-C68F6A447CF1}.Debug|Any CPU.Deploy.0 = Debug|Any CPU
		{A47800C6-1A55-4FDF-90F6-C68F6A447CF1}.Debug|ARM.ActiveCfg = Debug|Any CPU
		{A47800C6-1A55-4FDF-90F6-C68F6A447CF1}.Debug|ARM.Build.0 = Debug|Any CPU
		{A47800C6-1A55-4FDF-90F6-C68F6A447CF1}.Debug|ARM.Deploy.0 = Debug|Any CPU
		{A47800C6-1A55-4FDF-90F6-C68F6A447CF1}.Debug|iPhone.ActiveCfg = Debug|Any CPU
		{A47800C6-1A55-4FDF-90F6-C68F6A447CF1}.Debug|iPhone.Build.0 = Debug|Any CPU
		{A47800C6-1A55-4FDF-90F6-C68F6A447CF1}.Debug|iPhone.Deploy.0 = Debug|Any CPU
		{A47800C6-1A55-4FDF-90F6-C68F6A447CF1}.Debug|iPhoneSimulator.ActiveCfg = Debug|Any CPU
		{A47800C6-1A55-4FDF-90F6-C68F6A447CF1}.Debug|iPhoneSimulator.Build.0 = Debug|Any CPU
		{A47800C6-1A55-4FDF-90F6-C68F6A447CF1}.Debug|iPhoneSimulator.Deploy.0 = Debug|Any CPU
		{A47800C6-1A55-4FDF-90F6-C68F6A447CF1}.Debug|x64.ActiveCfg = Debug|Any CPU
		{A47800C6-1A55-4FDF-90F6-C68F6A447CF1}.Debug|x64.Build.0 = Debug|Any CPU
		{A47800C6-1A55-4FDF-90F6-C68F6A447CF1}.Debug|x64.Deploy.0 = Debug|Any CPU
		{A47800C6-1A55-4FDF-90F6-C68F6A447CF1}.Debug|x86.ActiveCfg = Debug|Any CPU
		{A47800C6-1A55-4FDF-90F6-C68F6A447CF1}.Debug|x86.Build.0 = Debug|Any CPU
		{A47800C6-1A55-4FDF-90F6-C68F6A447CF1}.Debug|x86.Deploy.0 = Debug|Any CPU
		{A47800C6-1A55-4FDF-90F6-C68F6A447CF1}.Release|Any CPU.ActiveCfg = Release|Any CPU
		{A47800C6-1A55-4FDF-90F6-C68F6A447CF1}.Release|Any CPU.Build.0 = Release|Any CPU
		{A47800C6-1A55-4FDF-90F6-C68F6A447CF1}.Release|Any CPU.Deploy.0 = Release|Any CPU
		{A47800C6-1A55-4FDF-90F6-C68F6A447CF1}.Release|ARM.ActiveCfg = Release|Any CPU
		{A47800C6-1A55-4FDF-90F6-C68F6A447CF1}.Release|ARM.Build.0 = Release|Any CPU
		{A47800C6-1A55-4FDF-90F6-C68F6A447CF1}.Release|ARM.Deploy.0 = Release|Any CPU
		{A47800C6-1A55-4FDF-90F6-C68F6A447CF1}.Release|iPhone.ActiveCfg = Release|Any CPU
		{A47800C6-1A55-4FDF-90F6-C68F6A447CF1}.Release|iPhone.Build.0 = Release|Any CPU
		{A47800C6-1A55-4FDF-90F6-C68F6A447CF1}.Release|iPhone.Deploy.0 = Release|Any CPU
		{A47800C6-1A55-4FDF-90F6-C68F6A447CF1}.Release|iPhoneSimulator.ActiveCfg = Release|Any CPU
		{A47800C6-1A55-4FDF-90F6-C68F6A447CF1}.Release|iPhoneSimulator.Build.0 = Release|Any CPU
		{A47800C6-1A55-4FDF-90F6-C68F6A447CF1}.Release|iPhoneSimulator.Deploy.0 = Release|Any CPU
		{A47800C6-1A55-4FDF-90F6-C68F6A447CF1}.Release|x64.ActiveCfg = Release|Any CPU
		{A47800C6-1A55-4FDF-90F6-C68F6A447CF1}.Release|x64.Build.0 = Release|Any CPU
		{A47800C6-1A55-4FDF-90F6-C68F6A447CF1}.Release|x64.Deploy.0 = Release|Any CPU
		{A47800C6-1A55-4FDF-90F6-C68F6A447CF1}.Release|x86.ActiveCfg = Release|Any CPU
		{A47800C6-1A55-4FDF-90F6-C68F6A447CF1}.Release|x86.Build.0 = Release|Any CPU
		{A47800C6-1A55-4FDF-90F6-C68F6A447CF1}.Release|x86.Deploy.0 = Release|Any CPU
		{241FBDE4-8F79-4848-AD1B-770D5612AAD1}.Ad-Hoc|Any CPU.ActiveCfg = Ad-Hoc|iPhone
		{241FBDE4-8F79-4848-AD1B-770D5612AAD1}.Ad-Hoc|ARM.ActiveCfg = Ad-Hoc|iPhone
		{241FBDE4-8F79-4848-AD1B-770D5612AAD1}.Ad-Hoc|iPhone.ActiveCfg = Ad-Hoc|iPhone
		{241FBDE4-8F79-4848-AD1B-770D5612AAD1}.Ad-Hoc|iPhone.Build.0 = Ad-Hoc|iPhone
		{241FBDE4-8F79-4848-AD1B-770D5612AAD1}.Ad-Hoc|iPhoneSimulator.ActiveCfg = Ad-Hoc|iPhoneSimulator
		{241FBDE4-8F79-4848-AD1B-770D5612AAD1}.Ad-Hoc|iPhoneSimulator.Build.0 = Ad-Hoc|iPhoneSimulator
		{241FBDE4-8F79-4848-AD1B-770D5612AAD1}.Ad-Hoc|x64.ActiveCfg = Ad-Hoc|iPhone
		{241FBDE4-8F79-4848-AD1B-770D5612AAD1}.Ad-Hoc|x86.ActiveCfg = Ad-Hoc|iPhone
		{241FBDE4-8F79-4848-AD1B-770D5612AAD1}.AppStore|Any CPU.ActiveCfg = AppStore|iPhone
		{241FBDE4-8F79-4848-AD1B-770D5612AAD1}.AppStore|ARM.ActiveCfg = AppStore|iPhone
		{241FBDE4-8F79-4848-AD1B-770D5612AAD1}.AppStore|iPhone.ActiveCfg = AppStore|iPhone
		{241FBDE4-8F79-4848-AD1B-770D5612AAD1}.AppStore|iPhone.Build.0 = AppStore|iPhone
		{241FBDE4-8F79-4848-AD1B-770D5612AAD1}.AppStore|iPhoneSimulator.ActiveCfg = AppStore|iPhoneSimulator
		{241FBDE4-8F79-4848-AD1B-770D5612AAD1}.AppStore|iPhoneSimulator.Build.0 = AppStore|iPhoneSimulator
		{241FBDE4-8F79-4848-AD1B-770D5612AAD1}.AppStore|x64.ActiveCfg = AppStore|iPhone
		{241FBDE4-8F79-4848-AD1B-770D5612AAD1}.AppStore|x86.ActiveCfg = AppStore|iPhone
		{241FBDE4-8F79-4848-AD1B-770D5612AAD1}.Debug|Any CPU.ActiveCfg = Debug|iPhone
		{241FBDE4-8F79-4848-AD1B-770D5612AAD1}.Debug|ARM.ActiveCfg = Debug|iPhone
		{241FBDE4-8F79-4848-AD1B-770D5612AAD1}.Debug|iPhone.ActiveCfg = Debug|iPhone
		{241FBDE4-8F79-4848-AD1B-770D5612AAD1}.Debug|iPhone.Build.0 = Debug|iPhone
		{241FBDE4-8F79-4848-AD1B-770D5612AAD1}.Debug|iPhoneSimulator.ActiveCfg = Debug|iPhoneSimulator
		{241FBDE4-8F79-4848-AD1B-770D5612AAD1}.Debug|iPhoneSimulator.Build.0 = Debug|iPhoneSimulator
		{241FBDE4-8F79-4848-AD1B-770D5612AAD1}.Debug|x64.ActiveCfg = Debug|iPhone
		{241FBDE4-8F79-4848-AD1B-770D5612AAD1}.Debug|x86.ActiveCfg = Debug|iPhone
		{241FBDE4-8F79-4848-AD1B-770D5612AAD1}.Release|Any CPU.ActiveCfg = Release|iPhone
		{241FBDE4-8F79-4848-AD1B-770D5612AAD1}.Release|ARM.ActiveCfg = Release|iPhone
		{241FBDE4-8F79-4848-AD1B-770D5612AAD1}.Release|iPhone.ActiveCfg = Release|iPhone
		{241FBDE4-8F79-4848-AD1B-770D5612AAD1}.Release|iPhone.Build.0 = Release|iPhone
		{241FBDE4-8F79-4848-AD1B-770D5612AAD1}.Release|iPhoneSimulator.ActiveCfg = Release|iPhoneSimulator
		{241FBDE4-8F79-4848-AD1B-770D5612AAD1}.Release|iPhoneSimulator.Build.0 = Release|iPhoneSimulator
		{241FBDE4-8F79-4848-AD1B-770D5612AAD1}.Release|x64.ActiveCfg = Release|iPhone
		{241FBDE4-8F79-4848-AD1B-770D5612AAD1}.Release|x86.ActiveCfg = Release|iPhone
		{37C1D266-CFAF-4471-89DE-E79857278600}.Ad-Hoc|Any CPU.ActiveCfg = Release|x86
		{37C1D266-CFAF-4471-89DE-E79857278600}.Ad-Hoc|Any CPU.Build.0 = Release|x86
		{37C1D266-CFAF-4471-89DE-E79857278600}.Ad-Hoc|Any CPU.Deploy.0 = Release|x86
		{37C1D266-CFAF-4471-89DE-E79857278600}.Ad-Hoc|ARM.ActiveCfg = Release|ARM
		{37C1D266-CFAF-4471-89DE-E79857278600}.Ad-Hoc|ARM.Build.0 = Release|ARM
		{37C1D266-CFAF-4471-89DE-E79857278600}.Ad-Hoc|ARM.Deploy.0 = Release|ARM
		{37C1D266-CFAF-4471-89DE-E79857278600}.Ad-Hoc|iPhone.ActiveCfg = Release|x86
		{37C1D266-CFAF-4471-89DE-E79857278600}.Ad-Hoc|iPhone.Build.0 = Release|x86
		{37C1D266-CFAF-4471-89DE-E79857278600}.Ad-Hoc|iPhone.Deploy.0 = Release|x86
		{37C1D266-CFAF-4471-89DE-E79857278600}.Ad-Hoc|iPhoneSimulator.ActiveCfg = Release|x86
		{37C1D266-CFAF-4471-89DE-E79857278600}.Ad-Hoc|iPhoneSimulator.Build.0 = Release|x86
		{37C1D266-CFAF-4471-89DE-E79857278600}.Ad-Hoc|iPhoneSimulator.Deploy.0 = Release|x86
		{37C1D266-CFAF-4471-89DE-E79857278600}.Ad-Hoc|x64.ActiveCfg = Release|x64
		{37C1D266-CFAF-4471-89DE-E79857278600}.Ad-Hoc|x64.Build.0 = Release|x64
		{37C1D266-CFAF-4471-89DE-E79857278600}.Ad-Hoc|x64.Deploy.0 = Release|x64
		{37C1D266-CFAF-4471-89DE-E79857278600}.Ad-Hoc|x86.ActiveCfg = Release|x86
		{37C1D266-CFAF-4471-89DE-E79857278600}.Ad-Hoc|x86.Build.0 = Release|x86
		{37C1D266-CFAF-4471-89DE-E79857278600}.Ad-Hoc|x86.Deploy.0 = Release|x86
		{37C1D266-CFAF-4471-89DE-E79857278600}.AppStore|Any CPU.ActiveCfg = Release|x86
		{37C1D266-CFAF-4471-89DE-E79857278600}.AppStore|Any CPU.Build.0 = Release|x86
		{37C1D266-CFAF-4471-89DE-E79857278600}.AppStore|Any CPU.Deploy.0 = Release|x86
		{37C1D266-CFAF-4471-89DE-E79857278600}.AppStore|ARM.ActiveCfg = Release|ARM
		{37C1D266-CFAF-4471-89DE-E79857278600}.AppStore|ARM.Build.0 = Release|ARM
		{37C1D266-CFAF-4471-89DE-E79857278600}.AppStore|ARM.Deploy.0 = Release|ARM
		{37C1D266-CFAF-4471-89DE-E79857278600}.AppStore|iPhone.ActiveCfg = Release|x86
		{37C1D266-CFAF-4471-89DE-E79857278600}.AppStore|iPhone.Build.0 = Release|x86
		{37C1D266-CFAF-4471-89DE-E79857278600}.AppStore|iPhone.Deploy.0 = Release|x86
		{37C1D266-CFAF-4471-89DE-E79857278600}.AppStore|iPhoneSimulator.ActiveCfg = Release|x86
		{37C1D266-CFAF-4471-89DE-E79857278600}.AppStore|iPhoneSimulator.Build.0 = Release|x86
		{37C1D266-CFAF-4471-89DE-E79857278600}.AppStore|iPhoneSimulator.Deploy.0 = Release|x86
		{37C1D266-CFAF-4471-89DE-E79857278600}.AppStore|x64.ActiveCfg = Release|x64
		{37C1D266-CFAF-4471-89DE-E79857278600}.AppStore|x64.Build.0 = Release|x64
		{37C1D266-CFAF-4471-89DE-E79857278600}.AppStore|x64.Deploy.0 = Release|x64
		{37C1D266-CFAF-4471-89DE-E79857278600}.AppStore|x86.ActiveCfg = Release|x86
		{37C1D266-CFAF-4471-89DE-E79857278600}.AppStore|x86.Build.0 = Release|x86
		{37C1D266-CFAF-4471-89DE-E79857278600}.AppStore|x86.Deploy.0 = Release|x86
		{37C1D266-CFAF-4471-89DE-E79857278600}.Debug|Any CPU.ActiveCfg = Debug|x86
		{37C1D266-CFAF-4471-89DE-E79857278600}.Debug|ARM.ActiveCfg = Debug|ARM
		{37C1D266-CFAF-4471-89DE-E79857278600}.Debug|ARM.Build.0 = Debug|ARM
		{37C1D266-CFAF-4471-89DE-E79857278600}.Debug|ARM.Deploy.0 = Debug|ARM
		{37C1D266-CFAF-4471-89DE-E79857278600}.Debug|iPhone.ActiveCfg = Debug|x86
		{37C1D266-CFAF-4471-89DE-E79857278600}.Debug|iPhoneSimulator.ActiveCfg = Debug|x86
		{37C1D266-CFAF-4471-89DE-E79857278600}.Debug|x64.ActiveCfg = Debug|x64
		{37C1D266-CFAF-4471-89DE-E79857278600}.Debug|x64.Build.0 = Debug|x64
		{37C1D266-CFAF-4471-89DE-E79857278600}.Debug|x64.Deploy.0 = Debug|x64
		{37C1D266-CFAF-4471-89DE-E79857278600}.Debug|x86.ActiveCfg = Debug|x86
		{37C1D266-CFAF-4471-89DE-E79857278600}.Debug|x86.Build.0 = Debug|x86
		{37C1D266-CFAF-4471-89DE-E79857278600}.Debug|x86.Deploy.0 = Debug|x86
		{37C1D266-CFAF-4471-89DE-E79857278600}.Release|Any CPU.ActiveCfg = Release|x86
		{37C1D266-CFAF-4471-89DE-E79857278600}.Release|ARM.ActiveCfg = Release|ARM
		{37C1D266-CFAF-4471-89DE-E79857278600}.Release|ARM.Build.0 = Release|ARM
		{37C1D266-CFAF-4471-89DE-E79857278600}.Release|ARM.Deploy.0 = Release|ARM
		{37C1D266-CFAF-4471-89DE-E79857278600}.Release|iPhone.ActiveCfg = Release|x86
		{37C1D266-CFAF-4471-89DE-E79857278600}.Release|iPhoneSimulator.ActiveCfg = Release|x86
		{37C1D266-CFAF-4471-89DE-E79857278600}.Release|x64.ActiveCfg = Release|x64
		{37C1D266-CFAF-4471-89DE-E79857278600}.Release|x64.Build.0 = Release|x64
		{37C1D266-CFAF-4471-89DE-E79857278600}.Release|x64.Deploy.0 = Release|x64
		{37C1D266-CFAF-4471-89DE-E79857278600}.Release|x86.ActiveCfg = Release|x86
		{37C1D266-CFAF-4471-89DE-E79857278600}.Release|x86.Build.0 = Release|x86
		{37C1D266-CFAF-4471-89DE-E79857278600}.Release|x86.Deploy.0 = Release|x86
		{361E068F-F065-4EB2-A38C-5082C9D3F864}.Ad-Hoc|Any CPU.ActiveCfg = Release|Any CPU
		{361E068F-F065-4EB2-A38C-5082C9D3F864}.Ad-Hoc|Any CPU.Build.0 = Release|Any CPU
		{361E068F-F065-4EB2-A38C-5082C9D3F864}.Ad-Hoc|Any CPU.Deploy.0 = Release|Any CPU
		{361E068F-F065-4EB2-A38C-5082C9D3F864}.Ad-Hoc|ARM.ActiveCfg = Release|ARM
		{361E068F-F065-4EB2-A38C-5082C9D3F864}.Ad-Hoc|ARM.Build.0 = Release|ARM
		{361E068F-F065-4EB2-A38C-5082C9D3F864}.Ad-Hoc|ARM.Deploy.0 = Release|ARM
		{361E068F-F065-4EB2-A38C-5082C9D3F864}.Ad-Hoc|iPhone.ActiveCfg = Release|Any CPU
		{361E068F-F065-4EB2-A38C-5082C9D3F864}.Ad-Hoc|iPhone.Build.0 = Release|Any CPU
		{361E068F-F065-4EB2-A38C-5082C9D3F864}.Ad-Hoc|iPhone.Deploy.0 = Release|Any CPU
		{361E068F-F065-4EB2-A38C-5082C9D3F864}.Ad-Hoc|iPhoneSimulator.ActiveCfg = Release|Any CPU
		{361E068F-F065-4EB2-A38C-5082C9D3F864}.Ad-Hoc|iPhoneSimulator.Build.0 = Release|Any CPU
		{361E068F-F065-4EB2-A38C-5082C9D3F864}.Ad-Hoc|iPhoneSimulator.Deploy.0 = Release|Any CPU
		{361E068F-F065-4EB2-A38C-5082C9D3F864}.Ad-Hoc|x64.ActiveCfg = Release|x64
		{361E068F-F065-4EB2-A38C-5082C9D3F864}.Ad-Hoc|x64.Build.0 = Release|x64
		{361E068F-F065-4EB2-A38C-5082C9D3F864}.Ad-Hoc|x64.Deploy.0 = Release|x64
		{361E068F-F065-4EB2-A38C-5082C9D3F864}.Ad-Hoc|x86.ActiveCfg = Release|x86
		{361E068F-F065-4EB2-A38C-5082C9D3F864}.Ad-Hoc|x86.Build.0 = Release|x86
		{361E068F-F065-4EB2-A38C-5082C9D3F864}.Ad-Hoc|x86.Deploy.0 = Release|x86
		{361E068F-F065-4EB2-A38C-5082C9D3F864}.AppStore|Any CPU.ActiveCfg = Release|Any CPU
		{361E068F-F065-4EB2-A38C-5082C9D3F864}.AppStore|Any CPU.Build.0 = Release|Any CPU
		{361E068F-F065-4EB2-A38C-5082C9D3F864}.AppStore|Any CPU.Deploy.0 = Release|Any CPU
		{361E068F-F065-4EB2-A38C-5082C9D3F864}.AppStore|ARM.ActiveCfg = Release|ARM
		{361E068F-F065-4EB2-A38C-5082C9D3F864}.AppStore|ARM.Build.0 = Release|ARM
		{361E068F-F065-4EB2-A38C-5082C9D3F864}.AppStore|ARM.Deploy.0 = Release|ARM
		{361E068F-F065-4EB2-A38C-5082C9D3F864}.AppStore|iPhone.ActiveCfg = Release|Any CPU
		{361E068F-F065-4EB2-A38C-5082C9D3F864}.AppStore|iPhone.Build.0 = Release|Any CPU
		{361E068F-F065-4EB2-A38C-5082C9D3F864}.AppStore|iPhone.Deploy.0 = Release|Any CPU
		{361E068F-F065-4EB2-A38C-5082C9D3F864}.AppStore|iPhoneSimulator.ActiveCfg = Release|Any CPU
		{361E068F-F065-4EB2-A38C-5082C9D3F864}.AppStore|iPhoneSimulator.Build.0 = Release|Any CPU
		{361E068F-F065-4EB2-A38C-5082C9D3F864}.AppStore|iPhoneSimulator.Deploy.0 = Release|Any CPU
		{361E068F-F065-4EB2-A38C-5082C9D3F864}.AppStore|x64.ActiveCfg = Release|x64
		{361E068F-F065-4EB2-A38C-5082C9D3F864}.AppStore|x64.Build.0 = Release|x64
		{361E068F-F065-4EB2-A38C-5082C9D3F864}.AppStore|x64.Deploy.0 = Release|x64
		{361E068F-F065-4EB2-A38C-5082C9D3F864}.AppStore|x86.ActiveCfg = Release|x86
		{361E068F-F065-4EB2-A38C-5082C9D3F864}.AppStore|x86.Build.0 = Release|x86
		{361E068F-F065-4EB2-A38C-5082C9D3F864}.AppStore|x86.Deploy.0 = Release|x86
		{361E068F-F065-4EB2-A38C-5082C9D3F864}.Debug|Any CPU.ActiveCfg = Debug|Any CPU
		{361E068F-F065-4EB2-A38C-5082C9D3F864}.Debug|Any CPU.Build.0 = Debug|Any CPU
		{361E068F-F065-4EB2-A38C-5082C9D3F864}.Debug|Any CPU.Deploy.0 = Debug|Any CPU
		{361E068F-F065-4EB2-A38C-5082C9D3F864}.Debug|ARM.ActiveCfg = Debug|ARM
		{361E068F-F065-4EB2-A38C-5082C9D3F864}.Debug|ARM.Build.0 = Debug|ARM
		{361E068F-F065-4EB2-A38C-5082C9D3F864}.Debug|ARM.Deploy.0 = Debug|ARM
		{361E068F-F065-4EB2-A38C-5082C9D3F864}.Debug|iPhone.ActiveCfg = Debug|Any CPU
		{361E068F-F065-4EB2-A38C-5082C9D3F864}.Debug|iPhone.Build.0 = Debug|Any CPU
		{361E068F-F065-4EB2-A38C-5082C9D3F864}.Debug|iPhone.Deploy.0 = Debug|Any CPU
		{361E068F-F065-4EB2-A38C-5082C9D3F864}.Debug|iPhoneSimulator.ActiveCfg = Debug|Any CPU
		{361E068F-F065-4EB2-A38C-5082C9D3F864}.Debug|iPhoneSimulator.Build.0 = Debug|Any CPU
		{361E068F-F065-4EB2-A38C-5082C9D3F864}.Debug|iPhoneSimulator.Deploy.0 = Debug|Any CPU
		{361E068F-F065-4EB2-A38C-5082C9D3F864}.Debug|x64.ActiveCfg = Debug|x64
		{361E068F-F065-4EB2-A38C-5082C9D3F864}.Debug|x64.Build.0 = Debug|x64
		{361E068F-F065-4EB2-A38C-5082C9D3F864}.Debug|x64.Deploy.0 = Debug|x64
		{361E068F-F065-4EB2-A38C-5082C9D3F864}.Debug|x86.ActiveCfg = Debug|x86
		{361E068F-F065-4EB2-A38C-5082C9D3F864}.Debug|x86.Build.0 = Debug|x86
		{361E068F-F065-4EB2-A38C-5082C9D3F864}.Debug|x86.Deploy.0 = Debug|x86
		{361E068F-F065-4EB2-A38C-5082C9D3F864}.Release|Any CPU.ActiveCfg = Release|Any CPU
		{361E068F-F065-4EB2-A38C-5082C9D3F864}.Release|Any CPU.Build.0 = Release|Any CPU
		{361E068F-F065-4EB2-A38C-5082C9D3F864}.Release|Any CPU.Deploy.0 = Release|Any CPU
		{361E068F-F065-4EB2-A38C-5082C9D3F864}.Release|ARM.ActiveCfg = Release|ARM
		{361E068F-F065-4EB2-A38C-5082C9D3F864}.Release|ARM.Build.0 = Release|ARM
		{361E068F-F065-4EB2-A38C-5082C9D3F864}.Release|ARM.Deploy.0 = Release|ARM
		{361E068F-F065-4EB2-A38C-5082C9D3F864}.Release|iPhone.ActiveCfg = Release|Any CPU
		{361E068F-F065-4EB2-A38C-5082C9D3F864}.Release|iPhone.Build.0 = Release|Any CPU
		{361E068F-F065-4EB2-A38C-5082C9D3F864}.Release|iPhone.Deploy.0 = Release|Any CPU
		{361E068F-F065-4EB2-A38C-5082C9D3F864}.Release|iPhoneSimulator.ActiveCfg = Release|Any CPU
		{361E068F-F065-4EB2-A38C-5082C9D3F864}.Release|iPhoneSimulator.Build.0 = Release|Any CPU
		{361E068F-F065-4EB2-A38C-5082C9D3F864}.Release|iPhoneSimulator.Deploy.0 = Release|Any CPU
		{361E068F-F065-4EB2-A38C-5082C9D3F864}.Release|x64.ActiveCfg = Release|x64
		{361E068F-F065-4EB2-A38C-5082C9D3F864}.Release|x64.Build.0 = Release|x64
		{361E068F-F065-4EB2-A38C-5082C9D3F864}.Release|x64.Deploy.0 = Release|x64
		{361E068F-F065-4EB2-A38C-5082C9D3F864}.Release|x86.ActiveCfg = Release|x86
		{361E068F-F065-4EB2-A38C-5082C9D3F864}.Release|x86.Build.0 = Release|x86
		{361E068F-F065-4EB2-A38C-5082C9D3F864}.Release|x86.Deploy.0 = Release|x86
	EndGlobalSection
	GlobalSection(SolutionProperties) = preSolution
		HideSolutionNode = FALSE
	EndGlobalSection
EndGlobal
